
Microsoft Visual Studio Solution File, Format Version 12.00
# Visual Studio Version 17
VisualStudioVersion = 17.0.31903.59
MinimumVisualStudioVersion = 10.0.40219.1
Project("{2150E333-8FDC-42A3-9474-1A3956D46DE8}") = "src", "src", "{F0F84F45-18C1-4507-A30E-D40010D1054C}"
EndProject
Project("{F2A71F9B-5D33-465A-A702-920D77279786}") = "FSharpLab1", "src\FSharpLab1\FSharpLab1.fsproj", "{945AFC85-F93B-4F72-8344-3879944B4CC9}"
EndProject
Project("{2150E333-8FDC-42A3-9474-1A3956D46DE8}") = "tests", "tests", "{178EA2D9-4F3A-4639-ABE9-07A7536E6ACD}"
EndProject
Project("{F2A71F9B-5D33-465A-A702-920D77279786}") = "FSharpLab1Tests", "tests\FSharpLab1Tests\FSharpLab1Tests.fsproj", "{33663EBD-87D3-4ACB-B95F-2BECDCE0256B}"
EndProject
Global
	GlobalSection(SolutionConfigurationPlatforms) = preSolution
		Debug|Any CPU = Debug|Any CPU
		Release|Any CPU = Release|Any CPU
	EndGlobalSection
	GlobalSection(SolutionProperties) = preSolution
		HideSolutionNode = FALSE
	EndGlobalSection
	GlobalSection(ProjectConfigurationPlatforms) = postSolution
		{945AFC85-F93B-4F72-8344-3879944B4CC9}.Debug|Any CPU.ActiveCfg = Debug|Any CPU
		{945AFC85-F93B-4F72-8344-3879944B4CC9}.Debug|Any CPU.Build.0 = Debug|Any CPU
		{945AFC85-F93B-4F72-8344-3879944B4CC9}.Release|Any CPU.ActiveCfg = Release|Any CPU
		{945AFC85-F93B-4F72-8344-3879944B4CC9}.Release|Any CPU.Build.0 = Release|Any CPU
		{33663EBD-87D3-4ACB-B95F-2BECDCE0256B}.Debug|Any CPU.ActiveCfg = Debug|Any CPU
		{33663EBD-87D3-4ACB-B95F-2BECDCE0256B}.Debug|Any CPU.Build.0 = Debug|Any CPU
		{33663EBD-87D3-4ACB-B95F-2BECDCE0256B}.Release|Any CPU.ActiveCfg = Release|Any CPU
		{33663EBD-87D3-4ACB-B95F-2BECDCE0256B}.Release|Any CPU.Build.0 = Release|Any CPU
	EndGlobalSection
	GlobalSection(NestedProjects) = preSolution
		{945AFC85-F93B-4F72-8344-3879944B4CC9} = {F0F84F45-18C1-4507-A30E-D40010D1054C}
		{33663EBD-87D3-4ACB-B95F-2BECDCE0256B} = {178EA2D9-4F3A-4639-ABE9-07A7536E6ACD}
	EndGlobalSection
EndGlobal
